
Microsoft Visual Studio Solution File, Format Version 12.00
# Visual Studio 15
VisualStudioVersion = 15.0.28307.271
MinimumVisualStudioVersion = 10.0.40219.1
Project("{8BC9CEB8-8B4A-11D0-8D11-00A0C91BC942}") = "Project1", "Project1\Project1.vcxproj", "{8C6A5887-F95E-4A53-B1C2-79A0CFC3341C}"
EndProject
Global
	GlobalSection(SolutionConfigurationPlatforms) = preSolution
		Debug|ARM = Debug|ARM
		Debug|ARM64 = Debug|ARM64
		Debug|x64 = Debug|x64
		Debug|x86 = Debug|x86
		Release|ARM = Release|ARM
		Release|ARM64 = Release|ARM64
		Release|x64 = Release|x64
		Release|x86 = Release|x86
	EndGlobalSection
	GlobalSection(ProjectConfigurationPlatforms) = postSolution
		{8C6A5887-F95E-4A53-B1C2-79A0CFC3341C}.Debug|ARM.ActiveCfg = Debug|ARM
		{8C6A5887-F95E-4A53-B1C2-79A0CFC3341C}.Debug|ARM.Build.0 = Debug|ARM
		{8C6A5887-F95E-4A53-B1C2-79A0CFC3341C}.Debug|ARM64.ActiveCfg = Debug|ARM64
		{8C6A5887-F95E-4A53-B1C2-79A0CFC3341C}.Debug|ARM64.Build.0 = Debug|ARM64
		{8C6A5887-F95E-4A53-B1C2-79A0CFC3341C}.Debug|x64.ActiveCfg = Debug|x64
		{8C6A5887-F95E-4A53-B1C2-79A0CFC3341C}.Debug|x64.Build.0 = Debug|x64
		{8C6A5887-F95E-4A53-B1C2-79A0CFC3341C}.Debug|x86.ActiveCfg = Debug|x86
		{8C6A5887-F95E-4A53-B1C2-79A0CFC3341C}.Debug|x86.Build.0 = Debug|x86
		{8C6A5887-F95E-4A53-B1C2-79A0CFC3341C}.Release|ARM.ActiveCfg = Release|ARM
		{8C6A5887-F95E-4A53-B1C2-79A0CFC3341C}.Release|ARM.Build.0 = Release|ARM
		{8C6A5887-F95E-4A53-B1C2-79A0CFC3341C}.Release|ARM64.ActiveCfg = Release|ARM64
		{8C6A5887-F95E-4A53-B1C2-79A0CFC3341C}.Release|ARM64.Build.0 = Release|ARM64
		{8C6A5887-F95E-4A53-B1C2-79A0CFC3341C}.Release|x64.ActiveCfg = Release|x64
		{8C6A5887-F95E-4A53-B1C2-79A0CFC3341C}.Release|x64.Build.0 = Release|x64
		{8C6A5887-F95E-4A53-B1C2-79A0CFC3341C}.Release|x86.ActiveCfg = Release|x86
		{8C6A5887-F95E-4A53-B1C2-79A0CFC3341C}.Release|x86.Build.0 = Release|x86
	EndGlobalSection
	GlobalSection(SolutionProperties) = preSolution
		HideSolutionNode = FALSE
	EndGlobalSection
	GlobalSection(ExtensibilityGlobals) = postSolution
		SolutionGuid = {828F523E-8B8E-4C60-A507-CBBD9AE6F93E}
	EndGlobalSection
EndGlobal
